# THIS IS AN AUTOGENERATED FILE. DO NOT EDIT THIS FILE DIRECTLY.
# yarn lockfile v1


beautiful-jekyll@daattali/beautiful-jekyll:
  version "0.0.0"
  resolved "https://codeload.github.com/daattali/beautiful-jekyll/tar.gz/ff32d628f4aea4c21f333d62ba1c701649e1722e"

bootstrap@4.0.0-alpha.6:
  version "4.0.0-alpha.6"
  resolved "https://registry.yarnpkg.com/bootstrap/-/bootstrap-4.0.0-alpha.6.tgz#4f54dd33ac0deac3b28407bc2df7ec608869c9c8"
  integrity sha1-T1TdM6wN6sOyhAe8LffsYIhpycg=
  dependencies:
    jquery ">=1.9.1"
    tether "^1.4.0"

"html5-boilerplate@github:h5bp/html5-boilerplate":
  version "7.2.0"
  resolved "https://codeload.github.com/h5bp/html5-boilerplate/tar.gz/1cdbbd1cacc3fb9fef43c04655b55ca25a438293"

is-in-viewport@^3.0.4:
  version "3.0.4"
  resolved "https://registry.yarnpkg.com/is-in-viewport/-/is-in-viewport-3.0.4.tgz#45eb138640ac72d58fd0c0e98e11aeb261adc3dc"
  integrity sha512-J7+83nXH58ddAUgspnxycmxhwzaGByQ0KhGVapLW8YYlG5DY1tdoIkThs2UX4GavpOSi6+682lv2clgdNnRaKA==

jekyll-netlify-boilerplate@danurbanowicz/jekyll-netlify-boilerplate:
  version "0.0.0"
  resolved "https://codeload.github.com/danurbanowicz/jekyll-netlify-boilerplate/tar.gz/5f16718ff14cf3e158897d6590a5b0c83f64f368"

jekyll-paginate-v2@sverrirs/jekyll-paginate-v2:
  version "0.0.0"
  resolved "https://codeload.github.com/sverrirs/jekyll-paginate-v2/tar.gz/f8664cf68b59de823b88d4e6b1b985457f2c13af"

jquery-sticky@^1.0.4:
  version "1.0.4"
  resolved "https://registry.yarnpkg.com/jquery-sticky/-/jquery-sticky-1.0.4.tgz#2fe8d03dc904685340daa12cbdd1ca0c921b09ac"
  integrity sha1-L+jQPckEaFNA2qEsvdHKDJIbCaw=
  dependencies:
    jquery "*"

jquery@*:
  version "3.4.1"
  resolved "https://registry.yarnpkg.com/jquery/-/jquery-3.4.1.tgz#714f1f8d9dde4bdfa55764ba37ef214630d80ef2"
  integrity sha512-36+AdBzCL+y6qjw5Tx7HgzeGCzC81MDDgaUP8ld2zhx58HdqXGoBd+tHdrBMiyjGQs0Hxs/MLZTu/eHNJJuWPw==

jquery@>=1.9.1:
  version "3.5.1"
  resolved "https://registry.yarnpkg.com/jquery/-/jquery-3.5.1.tgz#d7b4d08e1bfdb86ad2f1a3d039ea17304717abb5"
  integrity sha512-XwIBPqcMn57FxfT+Go5pzySnm4KWkT1Tv7gjrpT1srtf8Weynl6R273VJ5GjkRb51IzMp5nbaPjJXMWeju2MKg==

magnific-popup@^1.1.0:
  version "1.1.0"
  resolved "https://registry.yarnpkg.com/magnific-popup/-/magnific-popup-1.1.0.tgz#3e7362c5bd18f6785fe99e59d013e20af33d3049"
  integrity sha1-PnNixb0Y9nhf6Z5Z0BPiCvM9MEk=

minimal-mistakes@mmistakes/minimal-mistakes:
  version "4.17.1"
  resolved "https://codeload.github.com/mmistakes/minimal-mistakes/tar.gz/2328c8192cdb30c94ef5524bd5a979eb7a2fa5e2"

savas-take-two@savaslabs/savaslabs.github.io:
  version "1.0.0"
  resolved "https://codeload.github.com/savaslabs/savaslabs.github.io/tar.gz/0205bfefbfd54baca295fbd99fb0dda7fc596d61"

tether@^1.4.0:
  version "1.4.7"
  resolved "https://registry.yarnpkg.com/tether/-/tether-1.4.7.tgz#d56a818590d8fe72e387f77a67f93ab96d8e1fb2"
  integrity sha512-Z0J1aExjoFU8pybVkQAo/vD2wfSO63r+XOPfWQMC5qtf1bI7IWqNk4MiyBcgvvnY8kqnY06dVdvwTK2S3PU/Fw==
